{
  "version": 4,
  "terraform_version": "1.9.4",
  "serial": 15,
  "lineage": "1338cfdb-15a4-7de8-59de-acb04569990a",
  "outputs": {},
  "resources": [
    {
      "mode": "data",
      "type": "spotify_search_track",
      "name": "taylor_swift",
      "provider": "provider[\"registry.terraform.io/conradludgate/spotify\"]",
      "instances": [
        {
          "schema_version": 0,
          "attributes": {
            "album": null,
            "artist": "Taylor Swift",
            "explicit": true,
            "id": "1724528256",
            "limit": 10,
            "name": null,
            "tracks": [
              {
                "album": "2fenSS68JI1h4Fo296JfGr",
                "artists": [
                  "06HL4z0CvFAxyc27GXpf02"
                ],
                "id": "3hUxzQpSfdDqwM3ZTFQY0K",
                "name": "august"
              },
              {
                "album": "1NAmidJlEaVgA3MpcPFYGq",
                "artists": [
                  "06HL4z0CvFAxyc27GXpf02"
                ],
                "id": "1BxfuPKGuaTgP7aM0Bbdwr",
                "name": "Cruel Summer"
              },
              {
                "album": "1yGbNOtRIgdIiGHOEBaZWf",
                "artists": [
                  "06HL4z0CvFAxyc27GXpf02"
                ],
                "id": "1u8c2t2Cy7UBoG4ArRcF5g",
                "name": "Blank Space"
              },
              {
                "album": "6DEjYFkNZh67HP7R9PSZvv",
                "artists": [
                  "06HL4z0CvFAxyc27GXpf02"
                ],
                "id": "1R0a2iXumgCiFb7HEZ7gUE",
                "name": "Don’t Blame Me"
              },
              {
                "album": "151w1FgRZfnKZA9FEcg9Z3",
                "artists": [
                  "06HL4z0CvFAxyc27GXpf02"
                ],
                "id": "0V3wPSX9ygBnCm8psDIegu",
                "name": "Anti-Hero"
              },
              {
                "album": "2UfvnX1YYeC2cExMQTMbXC",
                "artists": [
                  "06HL4z0CvFAxyc27GXpf02",
                  "7n2wHs1TKAczGzO7Dd2rGr"
                ],
                "id": "3i9UVldZOE0aD0JnyfAZZ0",
                "name": "Lover (Remix) [feat. Shawn Mendes]"
              },
              {
                "album": "1Mo4aZ8pdj6L1jx8zSwJnt",
                "artists": [
                  "06HL4z0CvFAxyc27GXpf02",
                  "246dkjvS1zLTtiykXe5h60"
                ],
                "id": "2OzhQlSqBEmt7hmkYxfT6m",
                "name": "Fortnight (feat. Post Malone)"
              },
              {
                "album": "2fenSS68JI1h4Fo296JfGr",
                "artists": [
                  "06HL4z0CvFAxyc27GXpf02"
                ],
                "id": "4R2kfaDFhslZEMJqAFNpdd",
                "name": "cardigan"
              },
              {
                "album": "1NAmidJlEaVgA3MpcPFYGq",
                "artists": [
                  "06HL4z0CvFAxyc27GXpf02"
                ],
                "id": "1dGr1c8CrMLDpV6mPbImSI",
                "name": "Lover"
              },
              {
                "album": "1Mo4aZ8pdj6L1jx8zSwJnt",
                "artists": [
                  "06HL4z0CvFAxyc27GXpf02"
                ],
                "id": "4q5YezDOIPcoLr8R81x9qy",
                "name": "I Can Do It With a Broken Heart"
              }
            ],
            "year": null
          },
          "sensitive_attributes": []
        }
      ]
    },
    {
      "mode": "managed",
      "type": "spotify_playlist",
      "name": "Under_Zone",
      "provider": "provider[\"registry.terraform.io/conradludgate/spotify\"]",
      "instances": [
        {
          "schema_version": 0,
          "attributes": {
            "description": "This playlist makes me in good mood",
            "id": "1zNJzziEt44VcO5RXTEjN1",
            "name": "Under_Zone",
            "public": true,
            "snapshot_id": "AAAAAt56a40vueMlq7EQqAUiPrCpJPy0",
            "tracks": [
              "4zCH9qm4R2DADamUHMCa6O",
              "37i9dQZF1DWY7EoqMbT7wZ",
              "6NwEpX2JUWHVKWfDDfcqC4"
            ]
          },
          "sensitive_attributes": [],
          "private": "bnVsbA=="
        }
      ]
    },
    {
      "mode": "managed",
      "type": "spotify_playlist",
      "name": "taylor_swift",
      "provider": "provider[\"registry.terraform.io/conradludgate/spotify\"]",
      "instances": [
        {
          "schema_version": 0,
          "attributes": {
            "description": "This playlist was created by Terraform",
            "id": "7mhSEgP8ofQEscPRzMc4Hj",
            "name": "TaylorSwift",
            "public": true,
            "snapshot_id": "AAAAAu8Wb9bM8UAAjlHLD0OuVVsHBRhK",
            "tracks": [
              "3hUxzQpSfdDqwM3ZTFQY0K",
              "1BxfuPKGuaTgP7aM0Bbdwr",
              "1u8c2t2Cy7UBoG4ArRcF5g",
              "1R0a2iXumgCiFb7HEZ7gUE"
            ]
          },
          "sensitive_attributes": [],
          "private": "bnVsbA==",
          "dependencies": [
            "data.spotify_search_track.taylor_swift"
          ]
        }
      ]
    }
  ],
  "check_results": null
}
